
Microsoft Visual Studio Solution File, Format Version 12.00
# Visual Studio Version 17
VisualStudioVersion = 17.11.35208.52
MinimumVisualStudioVersion = 10.0.40219.1
Project("{FAE04EC0-301F-11D3-BF4B-00C04F79EFBC}") = "ClubDeportivo", "ClubDeportivo\ClubDeportivo.csproj", "{6A5B3B31-EB4B-4677-927F-E82CA6F3B56A}"
EndProject
Global
	GlobalSection(SolutionConfigurationPlatforms) = preSolution
		Debug|Any CPU = Debug|Any CPU
		Release|Any CPU = Release|Any CPU
	EndGlobalSection
	GlobalSection(ProjectConfigurationPlatforms) = postSolution
		{6A5B3B31-EB4B-4677-927F-E82CA6F3B56A}.Debug|Any CPU.ActiveCfg = Debug|Any CPU
		{6A5B3B31-EB4B-4677-927F-E82CA6F3B56A}.Debug|Any CPU.Build.0 = Debug|Any CPU
		{6A5B3B31-EB4B-4677-927F-E82CA6F3B56A}.Release|Any CPU.ActiveCfg = Release|Any CPU
		{6A5B3B31-EB4B-4677-927F-E82CA6F3B56A}.Release|Any CPU.Build.0 = Release|Any CPU
	EndGlobalSection
	GlobalSection(SolutionProperties) = preSolution
		HideSolutionNode = FALSE
	EndGlobalSection
	GlobalSection(ExtensibilityGlobals) = postSolution
		SolutionGuid = {3163F912-97A4-43A9-A39D-54C38C183A1F}
	EndGlobalSection
EndGlobal
